
Microsoft Visual Studio Solution File, Format Version 12.00
Project("{2150E333-8FDC-42A3-9474-1A3956D46DE8}") = "src", "src", "{CFBE2EAE-0EB5-43C4-B099-01B961F3AB9B}"
EndProject
Project("{2150E333-8FDC-42A3-9474-1A3956D46DE8}") = "tests", "tests", "{B19BA044-5CAF-4D1D-8655-55FE3FD0709E}"
EndProject
Project("{FAE04EC0-301F-11D3-BF4B-00C04F79EFBC}") = "ForecastRetriever", "src\ForecastRetriever\ForecastRetriever.csproj", "{8E82E389-C96C-457B-B063-8BC164673917}"
EndProject
Project("{FAE04EC0-301F-11D3-BF4B-00C04F79EFBC}") = "ForecastRetriever.Tests", "tests\ForecastRetriever.Tests\ForecastRetriever.Tests.csproj", "{DA5EFADB-3195-49A7-B474-54A8DF7B72C6}"
EndProject
Global
	GlobalSection(SolutionConfigurationPlatforms) = preSolution
		Debug|Any CPU = Debug|Any CPU
		Release|Any CPU = Release|Any CPU
	EndGlobalSection
	GlobalSection(NestedProjects) = preSolution
		{8E82E389-C96C-457B-B063-8BC164673917} = {CFBE2EAE-0EB5-43C4-B099-01B961F3AB9B}
		{DA5EFADB-3195-49A7-B474-54A8DF7B72C6} = {B19BA044-5CAF-4D1D-8655-55FE3FD0709E}
	EndGlobalSection
	GlobalSection(ProjectConfigurationPlatforms) = postSolution
		{8E82E389-C96C-457B-B063-8BC164673917}.Debug|Any CPU.ActiveCfg = Debug|Any CPU
		{8E82E389-C96C-457B-B063-8BC164673917}.Debug|Any CPU.Build.0 = Debug|Any CPU
		{8E82E389-C96C-457B-B063-8BC164673917}.Release|Any CPU.ActiveCfg = Release|Any CPU
		{8E82E389-C96C-457B-B063-8BC164673917}.Release|Any CPU.Build.0 = Release|Any CPU
		{DA5EFADB-3195-49A7-B474-54A8DF7B72C6}.Debug|Any CPU.ActiveCfg = Debug|Any CPU
		{DA5EFADB-3195-49A7-B474-54A8DF7B72C6}.Debug|Any CPU.Build.0 = Debug|Any CPU
		{DA5EFADB-3195-49A7-B474-54A8DF7B72C6}.Release|Any CPU.ActiveCfg = Release|Any CPU
		{DA5EFADB-3195-49A7-B474-54A8DF7B72C6}.Release|Any CPU.Build.0 = Release|Any CPU
	EndGlobalSection
EndGlobal
